{
  "name": "shoaling-upstream-service",
  "version": "0.1.0",
  "lockfileVersion": 3,
  "requires": true,
  "packages": {
    "": {
      "name": "shoaling-upstream-service",
      "version": "0.1.0",
      "dependencies": {
        "@sparkjsdev/spark": "^2.1.0",
        "resonance-audio": "^1.0.0",
        "three": "0.185.1",
        "ws": "^8.18.0"
      },
      "engines": {
        "node": ">=22"
      }
    },
    "node_modules/@sparkjsdev/spark": {
      "version": "2.1.0",
      "resolved": "https://registry.npmjs.org/@sparkjsdev/spark/-/spark-2.1.0.tgz",
      "integrity": "sha512-BRw+MuMzx0B3K8fDLQygt2OHEhYUV+41RX7btq9pZ3rCVrq42o57jW34VAIvC7JO/84DJh/1AutACV9ym6BfVg==",
      "license": "MIT",
      "dependencies": {
        "fflate": "^0.8.2"
      },
      "peerDependencies": {
        "three": ">=0.180.0"
      }
    },
    "node_modules/fflate": {
      "version": "0.8.3",
      "resolved": "https://registry.npmjs.org/fflate/-/fflate-0.8.3.tgz",
      "integrity": "sha512-tbZNuJrLwGUp3zshBtdy4W+ORxZuIh8a5ilyIEQDC5rY1f3U20JMry0Ll3WBzU58EZKsEuJFXhb5gwv8CsPvgA==",
      "license": "MIT"
    },
    "node_modules/omnitone": {
      "version": "1.3.0",
      "resolved": "https://registry.npmjs.org/omnitone/-/omnitone-1.3.0.tgz",
      "integrity": "sha512-iYmS66kHMw5K3E4cXaiBjjBg3hzinUhD9NrvkGZc33QcYSZVclytcD84Du2aL1Wdp7ulAfxfNMHlC8TXxuhgew==",
      "license": "Apache-2.0"
    },
    "node_modules/resonance-audio": {
      "version": "1.0.0",
      "resolved": "https://registry.npmjs.org/resonance-audio/-/resonance-audio-1.0.0.tgz",
      "integrity": "sha512-9ciGZtOhvSyfAIcAF1V6u4UKasgT02R0a19j3KE2/zC5TgMY3pVf+f+k5KXEcPP4TGOzh+KDNM6QVvBsj0e3qg==",
      "license": "Apache-2.0",
      "dependencies": {
        "omnitone": "^1.0.5"
      }
    },
    "node_modules/three": {
      "version": "0.185.1",
      "resolved": "https://registry.npmjs.org/three/-/three-0.185.1.tgz",
      "integrity": "sha512-5aojFCXKwnjBRZvUnt3WFfEcvUJgkN5LlijRFN95hMy8WVkG4I0QNcJE+OuWvuJ0bOdStrbfXn0pkd6/QyiAlg==",
      "license": "MIT"
    },
    "node_modules/ws": {
      "version": "8.21.3",
      "resolved": "https://registry.npmjs.org/ws/-/ws-8.21.3.tgz",
      "integrity": "sha512-201TZ/kPWxoPr/OKWjquZR1SWKXcvxdH+e1xrx89b3YbmzLMFCLfnaG1HFIgWzJOEWZ7MvpK++odZufgYR50Rw==",
      "license": "MIT",
      "engines": {
        "node": ">=10.0.0"
      },
      "peerDependencies": {
        "bufferutil": "^4.0.1",
        "utf-8-validate": ">=5.0.2"
      },
      "peerDependenciesMeta": {
        "bufferutil": {
          "optional": true
        },
        "utf-8-validate": {
          "optional": true
        }
      }
    }
  }
}
